schema: '2.0'
stages:
  prepare:
    cmd: python src/process_data.py
    deps:
    - path: data/dataset.csv
      hash: md5
      md5: e50a70711e823b75c8ebe231468f5faf
      size: 20118244
    params:
      params.yaml:
        features.data_path: data/dataset.csv
        features.test_size: 0.2
        features.val_size: 0.2
    outs:
    - path: data/processed_test_data.csv
      hash: md5
      md5: ee88dd80d7e6eab2aef781f80f60fd5e
      size: 2060957
    - path: data/processed_train_data.csv
      hash: md5
      md5: ded8dd03e08828600f45d8151a614033
      size: 6590735
